%{"bbmustache": {:hex, :bbmustache, "1.0.3"},
  "bear": {:git, "git://github.com/boundary/bear.git", "119234548783af19b8ec75c879c5062676b92571", [tag: "0.8.2"]},
  "bullet": {:git, "https://github.com/timCF/bullet.git", "8193e85a3b0005f902060a5a3f8cd76b7ed70976", []},
  "cachex": {:git, "https://github.com/timCF/cachex.git", "df5fc508ec8120d789e32189ea57b9eb18d63df5", []},
  "certifi": {:hex, :certifi, "0.3.0"},
  "conform": {:hex, :conform, "0.17.0"},
  "cowboy": {:git, "https://github.com/ninenines/cowboy.git", "db52494371ea249f38d51108c7d79cf487ff6374", [tag: "0.9.0"]},
  "cowlib": {:git, "git://github.com/extend/cowlib.git", "63298e8e160031a70efff86a1acde7e7db1fcda6", [ref: "0.4.0"]},
  "emysql": {:git, "https://github.com/timCF/Emysql.git", "a5564d1a1c6592986ebe5a3d2374bd5256b7c61a", []},
  "erlware_commons": {:hex, :erlware_commons, "0.15.0"},
  "exactor": {:git, "https://github.com/sasa1977/exactor.git", "0467f8100bc735405d597dbf94996195eb31e0b6", [tag: "0467f8100bc735405d597dbf94996195eb31e0b6"]},
  "exrm": {:git, "https://github.com/bitwalker/exrm.git", "ba7596cdc9f303708d7279b223408c19219c2ca3", [tag: "0.19.9"]},
  "extask": {:git, "https://github.com/timCF/extask.git", "691cc1a515750bead8b81ed6c13cddbcf115d754", []},
  "exutils": {:git, "https://github.com/timCF/exutils.git", "82ce0270cf95d36d41660154a7daa4450fd9d614", []},
  "exvk": {:git, "https://github.com/timCF/exvk.git", "3281770f47feda5366d99fe3c475575bd8eeca06", []},
  "folsom": {:git, "https://github.com/boundary/folsom.git", "8914823067c623d2839ecd6d17785ba94ad004c8", []},
  "getopt": {:hex, :getopt, "0.8.2"},
  "hackney": {:hex, :hackney, "1.4.8"},
  "hashex": {:git, "https://github.com/timCF/hashex.git", "d10a5f3e724e7be016c9ff7420ef5eb3780c3dae", []},
  "httphex": {:git, "https://github.com/timCF/httphex.git", "082e58bfbcd6310a391f561fe3ef8c74a6cbf544", []},
  "httpoison": {:git, "https://github.com/edgurgel/httpoison.git", "535f76c33b5708a89ec56b8186cb4039e81efe66", []},
  "httpotion": {:hex, :httpotion, "2.0.0"},
  "ibrowse": {:git, "https://github.com/cmullaparthi/ibrowse.git", "5ee4a806611fcf25cc74155871571e9983a0d0fc", [tag: "5ee4a806611fcf25cc74155871571e9983a0d0fc"]},
  "idna": {:hex, :idna, "1.0.3"},
  "jazz": {:git, "https://github.com/meh/jazz.git", "49f335492aca5516495199dd81dd18b845ebaa69", []},
  "logex": {:git, "https://github.com/timCF/logex.git", "cec2390f0fa3772a2717e10d969e2f400c6fe5df", []},
  "maybe": {:git, "https://github.com/timCF/maybe.git", "062fe1d67b995b9a2dbaac54ffdfa9089f78903f", []},
  "meck": {:git, "git://github.com/eproxus/meck", "dde759050eff19a1a80fd854d7375174b191665d", [tag: "0.8.2"]},
  "mimerl": {:hex, :mimerl, "1.0.2"},
  "mimetypes": {:git, "https://github.com/spawngrid/mimetypes.git", "47d37a977a7d633199822bf6b08353007483d00f", []},
  "myswt": {:git, "https://github.com/timCF/myswt.git", "d30729dbafe074a5ab1bb39af77e3500f5b8b728", [branch: "megaweb"]},
  "neotoma": {:hex, :neotoma, "1.7.3"},
  "providers": {:hex, :providers, "1.4.1"},
  "quickrand": {:hex, :quickrand, "1.5.1"},
  "ranch": {:git, "git://github.com/extend/ranch.git", "5df1f222f94e08abdcab7084f5e13027143cc222", [ref: "0.9.0"]},
  "relx": {:hex, :relx, "3.5.0"},
  "silverb": {:git, "https://github.com/timCF/silverb.git", "7a093e67590c4b38240a864ef8ef33ff82db3ad1", []},
  "sqlx": {:git, "https://github.com/timCF/sqlx.git", "a3240098b5ce297c189d98fd3ba40e75ac480c5a", []},
  "ssl_verify_hostname": {:hex, :ssl_verify_hostname, "1.0.5"},
  "tinca": {:git, "https://github.com/timCF/tinca.git", "06ee9bff138dbdeae6c1de0340b10475f4b657b1", []},
  "uuid": {:git, "https://github.com/okeuday/uuid.git", "80cd98fe28c2865711bde99d5a6e245434b1698b", []},
  "wwwest_lite": {:git, "https://github.com/timCF/wwwest_lite.git", "e56d8441ec4c3d0905c8a919d4570523ef94ba47", []},
  "xmlex": {:git, "https://github.com/timCF/xmlex.git", "e4f02ad350f97dca89a471b05eb7554b192a5f4c", []}}
